
Microsoft Visual Studio Solution File, Format Version 12.00
Project("{FAE04EC0-301F-11D3-BF4B-00C04F79EFBC}") = "Softalleys.Utilities", "Softalleys.Utilities\Softalleys.Utilities.csproj", "{FA8223CF-622B-4FC4-8D03-D633FD3050F0}"
EndProject
Project("{FAE04EC0-301F-11D3-BF4B-00C04F79EFBC}") = "Softalleys.Utilities.Events.Distributed.GooglePubSub.Example.AppHost", "Softalleys.Utilities.Events.Distributed.GooglePubSub.Example\AppHost\Softalleys.Utilities.Events.Distributed.GooglePubSub.Example.AppHost.csproj", "{2A9F07D2-84C4-4B5C-88F8-93D38B0E9F1E}"
EndProject
Project("{FAE04EC0-301F-11D3-BF4B-00C04F79EFBC}") = "Softalleys.Utilities.Protobuf", "Softalleys.Utilities.Protobuf\Softalleys.Utilities.Protobuf.csproj", "{8BA228C0-E422-4892-9D40-83F374744B45}"
EndProject
Project("{FAE04EC0-301F-11D3-BF4B-00C04F79EFBC}") = "Softalleys.Utilities.GeoToolkit", "Softalleys.Utilities.GeoToolkit\Softalleys.Utilities.GeoToolkit.csproj", "{5AC440EC-9714-4714-A3BA-39EFD492E565}"
EndProject
Project("{FAE04EC0-301F-11D3-BF4B-00C04F79EFBC}") = "Softalleys.Utilities.GeoToolkit.Tests", "Softalleys.Utilities.GeoToolkit.Tests\Softalleys.Utilities.GeoToolkit.Tests.csproj", "{F021C283-F83E-45AD-878B-5F329ED55BB3}"
EndProject
Project("{FAE04EC0-301F-11D3-BF4B-00C04F79EFBC}") = "Softalleys.Utilities.Whatsapp", "Softalleys.Utilities.Whatsapp\Softalleys.Utilities.Whatsapp.csproj", "{9FE2527D-65E7-4F9A-A671-0E36165783F6}"
EndProject
Project("{FAE04EC0-301F-11D3-BF4B-00C04F79EFBC}") = "Softalleys.Utilities.Events", "Softalleys.Utilities.Events\Softalleys.Utilities.Events.csproj", "{74BBBAE9-2F5B-4664-9F85-1ABD7D9D62EF}"
EndProject
Project("{FAE04EC0-301F-11D3-BF4B-00C04F79EFBC}") = "Softalleys.Utilities.Queries", "Softalleys.Utilities.Queries\Softalleys.Utilities.Queries.csproj", "{9D9CDC5F-AB50-4DE3-8D90-14CD07359089}"
EndProject
Project("{FAE04EC0-301F-11D3-BF4B-00C04F79EFBC}") = "Softalleys.Utilities.Queries.Tests", "Softalleys.Utilities.Queries.Tests\Softalleys.Utilities.Queries.Tests.csproj", "{9B9CDEAF-1B0B-4BD9-9F33-2A1C4F0B6C77}"
EndProject
Project("{FAE04EC0-301F-11D3-BF4B-00C04F79EFBC}") = "Softalleys.Utilities.Commands", "Softalleys.Utilities.Commands\Softalleys.Utilities.Commands.csproj", "{862AEC99-42BC-4E50-BBD2-CA8A438D774E}"
EndProject
Project("{FAE04EC0-301F-11D3-BF4B-00C04F79EFBC}") = "Softalleys.Utilities.Commands.Tests", "Softalleys.Utilities.Commands.Tests\Softalleys.Utilities.Commands.Tests.csproj", "{FDAC6A19-F936-461B-A81E-C9D61816C2CD}"
EndProject
Project("{FAE04EC0-301F-11D3-BF4B-00C04F79EFBC}") = "Softalleys.Utilities.Commands.Example", "Softalleys.Utilities.Commands.Example\Softalleys.Utilities.Commands.Example.csproj", "{CC575692-02F8-41D6-ADAA-5E604ABE3729}"
EndProject
Project("{FAE04EC0-301F-11D3-BF4B-00C04F79EFBC}") = "Softalleys.Utilities.Events.Distributed", "Softalleys.Utilities.Events.Distributed\Softalleys.Utilities.Events.Distributed.csproj", "{C1E2E882-DD4A-4D05-A5D0-6877D24B63E4}"
EndProject
Project("{FAE04EC0-301F-11D3-BF4B-00C04F79EFBC}") = "Softalleys.Utilities.Events.Distributed.RabbitMQ", "Softalleys.Utilities.Events.Distributed.RabbitMQ\Softalleys.Utilities.Events.Distributed.RabbitMQ.csproj", "{B3C7C8E1-6B6E-4B6A-9FD5-3F9A6E4C3A31}"
EndProject
Project("{FAE04EC0-301F-11D3-BF4B-00C04F79EFBC}") = "Softalleys.Utilities.Events.Distributed.GooglePubSub", "Softalleys.Utilities.Events.Distributed.GooglePubSub\Softalleys.Utilities.Events.Distributed.GooglePubSub.csproj", "{F25E21C0-0A53-4F8B-93B0-2F6B413A4F58}"
EndProject
Project("{FAE04EC0-301F-11D3-BF4B-00C04F79EFBC}") = "Softalleys.Utilities.Events.Distributed.GooglePubSub.Example.Contracts", "Softalleys.Utilities.Events.Distributed.GooglePubSub.Example\Contracts\Contracts.csproj", "{A3B8F1B1-9C67-4B8E-B6C5-68E0B2DA9A21}"
EndProject
Project("{FAE04EC0-301F-11D3-BF4B-00C04F79EFBC}") = "Softalleys.Utilities.Events.Distributed.GooglePubSub.Example.Ping", "Softalleys.Utilities.Events.Distributed.GooglePubSub.Example\Ping\Ping.csproj", "{B1CFE7A7-77A4-4A35-9F75-7B609E29C5B6}"
EndProject
Project("{FAE04EC0-301F-11D3-BF4B-00C04F79EFBC}") = "Softalleys.Utilities.Events.Distributed.GooglePubSub.Example.Pong", "Softalleys.Utilities.Events.Distributed.GooglePubSub.Example\Pong\Pong.csproj", "{C4D3C9D7-5D8D-47F0-9E28-03C1C1A2E2B2}"
EndProject
Global
	GlobalSection(SolutionConfigurationPlatforms) = preSolution
		Debug|Any CPU = Debug|Any CPU
		Debug|x64 = Debug|x64
		Debug|x86 = Debug|x86
		Release|Any CPU = Release|Any CPU
		Release|x64 = Release|x64
		Release|x86 = Release|x86
	EndGlobalSection
	GlobalSection(ProjectConfigurationPlatforms) = postSolution
		{FA8223CF-622B-4FC4-8D03-D633FD3050F0}.Debug|Any CPU.ActiveCfg = Debug|Any CPU
		{FA8223CF-622B-4FC4-8D03-D633FD3050F0}.Debug|Any CPU.Build.0 = Debug|Any CPU
		{FA8223CF-622B-4FC4-8D03-D633FD3050F0}.Debug|x64.ActiveCfg = Debug|Any CPU
		{FA8223CF-622B-4FC4-8D03-D633FD3050F0}.Debug|x64.Build.0 = Debug|Any CPU
		{FA8223CF-622B-4FC4-8D03-D633FD3050F0}.Debug|x86.ActiveCfg = Debug|Any CPU
		{FA8223CF-622B-4FC4-8D03-D633FD3050F0}.Debug|x86.Build.0 = Debug|Any CPU
		{FA8223CF-622B-4FC4-8D03-D633FD3050F0}.Release|Any CPU.ActiveCfg = Release|Any CPU
		{FA8223CF-622B-4FC4-8D03-D633FD3050F0}.Release|Any CPU.Build.0 = Release|Any CPU
		{FA8223CF-622B-4FC4-8D03-D633FD3050F0}.Release|x64.ActiveCfg = Release|Any CPU
		{FA8223CF-622B-4FC4-8D03-D633FD3050F0}.Release|x64.Build.0 = Release|Any CPU
		{FA8223CF-622B-4FC4-8D03-D633FD3050F0}.Release|x86.ActiveCfg = Release|Any CPU
		{FA8223CF-622B-4FC4-8D03-D633FD3050F0}.Release|x86.Build.0 = Release|Any CPU
		{8BA228C0-E422-4892-9D40-83F374744B45}.Debug|Any CPU.ActiveCfg = Debug|Any CPU
		{8BA228C0-E422-4892-9D40-83F374744B45}.Debug|Any CPU.Build.0 = Debug|Any CPU
		{8BA228C0-E422-4892-9D40-83F374744B45}.Debug|x64.ActiveCfg = Debug|Any CPU
		{8BA228C0-E422-4892-9D40-83F374744B45}.Debug|x64.Build.0 = Debug|Any CPU
		{8BA228C0-E422-4892-9D40-83F374744B45}.Debug|x86.ActiveCfg = Debug|Any CPU
		{8BA228C0-E422-4892-9D40-83F374744B45}.Debug|x86.Build.0 = Debug|Any CPU
		{8BA228C0-E422-4892-9D40-83F374744B45}.Release|Any CPU.ActiveCfg = Release|Any CPU
		{8BA228C0-E422-4892-9D40-83F374744B45}.Release|Any CPU.Build.0 = Release|Any CPU
		{8BA228C0-E422-4892-9D40-83F374744B45}.Release|x64.ActiveCfg = Release|Any CPU
		{8BA228C0-E422-4892-9D40-83F374744B45}.Release|x64.Build.0 = Release|Any CPU
		{8BA228C0-E422-4892-9D40-83F374744B45}.Release|x86.ActiveCfg = Release|Any CPU
		{8BA228C0-E422-4892-9D40-83F374744B45}.Release|x86.Build.0 = Release|Any CPU
		{5AC440EC-9714-4714-A3BA-39EFD492E565}.Debug|Any CPU.ActiveCfg = Debug|Any CPU
		{5AC440EC-9714-4714-A3BA-39EFD492E565}.Debug|Any CPU.Build.0 = Debug|Any CPU
		{5AC440EC-9714-4714-A3BA-39EFD492E565}.Debug|x64.ActiveCfg = Debug|Any CPU
		{5AC440EC-9714-4714-A3BA-39EFD492E565}.Debug|x64.Build.0 = Debug|Any CPU
		{5AC440EC-9714-4714-A3BA-39EFD492E565}.Debug|x86.ActiveCfg = Debug|Any CPU
		{5AC440EC-9714-4714-A3BA-39EFD492E565}.Debug|x86.Build.0 = Debug|Any CPU
		{5AC440EC-9714-4714-A3BA-39EFD492E565}.Release|Any CPU.ActiveCfg = Release|Any CPU
		{5AC440EC-9714-4714-A3BA-39EFD492E565}.Release|Any CPU.Build.0 = Release|Any CPU
		{5AC440EC-9714-4714-A3BA-39EFD492E565}.Release|x64.ActiveCfg = Release|Any CPU
		{5AC440EC-9714-4714-A3BA-39EFD492E565}.Release|x64.Build.0 = Release|Any CPU
		{5AC440EC-9714-4714-A3BA-39EFD492E565}.Release|x86.ActiveCfg = Release|Any CPU
		{5AC440EC-9714-4714-A3BA-39EFD492E565}.Release|x86.Build.0 = Release|Any CPU
		{F021C283-F83E-45AD-878B-5F329ED55BB3}.Debug|Any CPU.ActiveCfg = Debug|Any CPU
		{F021C283-F83E-45AD-878B-5F329ED55BB3}.Debug|Any CPU.Build.0 = Debug|Any CPU
		{F021C283-F83E-45AD-878B-5F329ED55BB3}.Debug|x64.ActiveCfg = Debug|Any CPU
		{F021C283-F83E-45AD-878B-5F329ED55BB3}.Debug|x64.Build.0 = Debug|Any CPU
		{F021C283-F83E-45AD-878B-5F329ED55BB3}.Debug|x86.ActiveCfg = Debug|Any CPU
		{F021C283-F83E-45AD-878B-5F329ED55BB3}.Debug|x86.Build.0 = Debug|Any CPU
		{F021C283-F83E-45AD-878B-5F329ED55BB3}.Release|Any CPU.ActiveCfg = Release|Any CPU
		{F021C283-F83E-45AD-878B-5F329ED55BB3}.Release|Any CPU.Build.0 = Release|Any CPU
		{F021C283-F83E-45AD-878B-5F329ED55BB3}.Release|x64.ActiveCfg = Release|Any CPU
		{F021C283-F83E-45AD-878B-5F329ED55BB3}.Release|x64.Build.0 = Release|Any CPU
		{F021C283-F83E-45AD-878B-5F329ED55BB3}.Release|x86.ActiveCfg = Release|Any CPU
		{F021C283-F83E-45AD-878B-5F329ED55BB3}.Release|x86.Build.0 = Release|Any CPU
		{9FE2527D-65E7-4F9A-A671-0E36165783F6}.Debug|Any CPU.ActiveCfg = Debug|Any CPU
		{9FE2527D-65E7-4F9A-A671-0E36165783F6}.Debug|Any CPU.Build.0 = Debug|Any CPU
		{9FE2527D-65E7-4F9A-A671-0E36165783F6}.Debug|x64.ActiveCfg = Debug|Any CPU
		{9FE2527D-65E7-4F9A-A671-0E36165783F6}.Debug|x64.Build.0 = Debug|Any CPU
		{9FE2527D-65E7-4F9A-A671-0E36165783F6}.Debug|x86.ActiveCfg = Debug|Any CPU
		{9FE2527D-65E7-4F9A-A671-0E36165783F6}.Debug|x86.Build.0 = Debug|Any CPU
		{9FE2527D-65E7-4F9A-A671-0E36165783F6}.Release|Any CPU.ActiveCfg = Release|Any CPU
		{9FE2527D-65E7-4F9A-A671-0E36165783F6}.Release|Any CPU.Build.0 = Release|Any CPU
		{9FE2527D-65E7-4F9A-A671-0E36165783F6}.Release|x64.ActiveCfg = Release|Any CPU
		{9FE2527D-65E7-4F9A-A671-0E36165783F6}.Release|x64.Build.0 = Release|Any CPU
		{9FE2527D-65E7-4F9A-A671-0E36165783F6}.Release|x86.ActiveCfg = Release|Any CPU
		{9FE2527D-65E7-4F9A-A671-0E36165783F6}.Release|x86.Build.0 = Release|Any CPU
		{74BBBAE9-2F5B-4664-9F85-1ABD7D9D62EF}.Debug|Any CPU.ActiveCfg = Debug|Any CPU
		{74BBBAE9-2F5B-4664-9F85-1ABD7D9D62EF}.Debug|Any CPU.Build.0 = Debug|Any CPU
		{74BBBAE9-2F5B-4664-9F85-1ABD7D9D62EF}.Debug|x64.ActiveCfg = Debug|Any CPU
		{74BBBAE9-2F5B-4664-9F85-1ABD7D9D62EF}.Debug|x64.Build.0 = Debug|Any CPU
		{74BBBAE9-2F5B-4664-9F85-1ABD7D9D62EF}.Debug|x86.ActiveCfg = Debug|Any CPU
		{74BBBAE9-2F5B-4664-9F85-1ABD7D9D62EF}.Debug|x86.Build.0 = Debug|Any CPU
		{74BBBAE9-2F5B-4664-9F85-1ABD7D9D62EF}.Release|Any CPU.ActiveCfg = Release|Any CPU
		{74BBBAE9-2F5B-4664-9F85-1ABD7D9D62EF}.Release|Any CPU.Build.0 = Release|Any CPU
		{74BBBAE9-2F5B-4664-9F85-1ABD7D9D62EF}.Release|x64.ActiveCfg = Release|Any CPU
		{74BBBAE9-2F5B-4664-9F85-1ABD7D9D62EF}.Release|x64.Build.0 = Release|Any CPU
		{74BBBAE9-2F5B-4664-9F85-1ABD7D9D62EF}.Release|x86.ActiveCfg = Release|Any CPU
		{74BBBAE9-2F5B-4664-9F85-1ABD7D9D62EF}.Release|x86.Build.0 = Release|Any CPU
		{9D9CDC5F-AB50-4DE3-8D90-14CD07359089}.Debug|Any CPU.ActiveCfg = Debug|Any CPU
		{9D9CDC5F-AB50-4DE3-8D90-14CD07359089}.Debug|Any CPU.Build.0 = Debug|Any CPU
		{9D9CDC5F-AB50-4DE3-8D90-14CD07359089}.Debug|x64.ActiveCfg = Debug|Any CPU
		{9D9CDC5F-AB50-4DE3-8D90-14CD07359089}.Debug|x64.Build.0 = Debug|Any CPU
		{9D9CDC5F-AB50-4DE3-8D90-14CD07359089}.Debug|x86.ActiveCfg = Debug|Any CPU
		{9D9CDC5F-AB50-4DE3-8D90-14CD07359089}.Debug|x86.Build.0 = Debug|Any CPU
		{9D9CDC5F-AB50-4DE3-8D90-14CD07359089}.Release|Any CPU.ActiveCfg = Release|Any CPU
		{9D9CDC5F-AB50-4DE3-8D90-14CD07359089}.Release|Any CPU.Build.0 = Release|Any CPU
		{9D9CDC5F-AB50-4DE3-8D90-14CD07359089}.Release|x64.ActiveCfg = Release|Any CPU
		{9D9CDC5F-AB50-4DE3-8D90-14CD07359089}.Release|x64.Build.0 = Release|Any CPU
		{9D9CDC5F-AB50-4DE3-8D90-14CD07359089}.Release|x86.ActiveCfg = Release|Any CPU
		{9D9CDC5F-AB50-4DE3-8D90-14CD07359089}.Release|x86.Build.0 = Release|Any CPU
		{9B9CDEAF-1B0B-4BD9-9F33-2A1C4F0B6C77}.Debug|Any CPU.ActiveCfg = Debug|Any CPU
		{9B9CDEAF-1B0B-4BD9-9F33-2A1C4F0B6C77}.Debug|Any CPU.Build.0 = Debug|Any CPU
		{9B9CDEAF-1B0B-4BD9-9F33-2A1C4F0B6C77}.Debug|x64.ActiveCfg = Debug|Any CPU
		{9B9CDEAF-1B0B-4BD9-9F33-2A1C4F0B6C77}.Debug|x64.Build.0 = Debug|Any CPU
		{9B9CDEAF-1B0B-4BD9-9F33-2A1C4F0B6C77}.Debug|x86.ActiveCfg = Debug|Any CPU
		{9B9CDEAF-1B0B-4BD9-9F33-2A1C4F0B6C77}.Debug|x86.Build.0 = Debug|Any CPU
		{9B9CDEAF-1B0B-4BD9-9F33-2A1C4F0B6C77}.Release|Any CPU.ActiveCfg = Release|Any CPU
		{9B9CDEAF-1B0B-4BD9-9F33-2A1C4F0B6C77}.Release|Any CPU.Build.0 = Release|Any CPU
		{9B9CDEAF-1B0B-4BD9-9F33-2A1C4F0B6C77}.Release|x64.ActiveCfg = Release|Any CPU
		{9B9CDEAF-1B0B-4BD9-9F33-2A1C4F0B6C77}.Release|x64.Build.0 = Release|Any CPU
		{9B9CDEAF-1B0B-4BD9-9F33-2A1C4F0B6C77}.Release|x86.ActiveCfg = Release|Any CPU
		{9B9CDEAF-1B0B-4BD9-9F33-2A1C4F0B6C77}.Release|x86.Build.0 = Release|Any CPU
		{862AEC99-42BC-4E50-BBD2-CA8A438D774E}.Debug|Any CPU.ActiveCfg = Debug|Any CPU
		{862AEC99-42BC-4E50-BBD2-CA8A438D774E}.Debug|Any CPU.Build.0 = Debug|Any CPU
		{862AEC99-42BC-4E50-BBD2-CA8A438D774E}.Debug|x64.ActiveCfg = Debug|Any CPU
		{862AEC99-42BC-4E50-BBD2-CA8A438D774E}.Debug|x64.Build.0 = Debug|Any CPU
		{862AEC99-42BC-4E50-BBD2-CA8A438D774E}.Debug|x86.ActiveCfg = Debug|Any CPU
		{862AEC99-42BC-4E50-BBD2-CA8A438D774E}.Debug|x86.Build.0 = Debug|Any CPU
		{862AEC99-42BC-4E50-BBD2-CA8A438D774E}.Release|Any CPU.ActiveCfg = Release|Any CPU
		{862AEC99-42BC-4E50-BBD2-CA8A438D774E}.Release|Any CPU.Build.0 = Release|Any CPU
		{862AEC99-42BC-4E50-BBD2-CA8A438D774E}.Release|x64.ActiveCfg = Release|Any CPU
		{862AEC99-42BC-4E50-BBD2-CA8A438D774E}.Release|x64.Build.0 = Release|Any CPU
		{862AEC99-42BC-4E50-BBD2-CA8A438D774E}.Release|x86.ActiveCfg = Release|Any CPU
		{862AEC99-42BC-4E50-BBD2-CA8A438D774E}.Release|x86.Build.0 = Release|Any CPU
		{FDAC6A19-F936-461B-A81E-C9D61816C2CD}.Debug|Any CPU.ActiveCfg = Debug|Any CPU
		{FDAC6A19-F936-461B-A81E-C9D61816C2CD}.Debug|Any CPU.Build.0 = Debug|Any CPU
		{FDAC6A19-F936-461B-A81E-C9D61816C2CD}.Debug|x64.ActiveCfg = Debug|Any CPU
		{FDAC6A19-F936-461B-A81E-C9D61816C2CD}.Debug|x64.Build.0 = Debug|Any CPU
		{FDAC6A19-F936-461B-A81E-C9D61816C2CD}.Debug|x86.ActiveCfg = Debug|Any CPU
		{FDAC6A19-F936-461B-A81E-C9D61816C2CD}.Debug|x86.Build.0 = Debug|Any CPU
		{FDAC6A19-F936-461B-A81E-C9D61816C2CD}.Release|Any CPU.ActiveCfg = Release|Any CPU
		{FDAC6A19-F936-461B-A81E-C9D61816C2CD}.Release|Any CPU.Build.0 = Release|Any CPU
		{FDAC6A19-F936-461B-A81E-C9D61816C2CD}.Release|x64.ActiveCfg = Release|Any CPU
		{FDAC6A19-F936-461B-A81E-C9D61816C2CD}.Release|x64.Build.0 = Release|Any CPU
		{FDAC6A19-F936-461B-A81E-C9D61816C2CD}.Release|x86.ActiveCfg = Release|Any CPU
		{FDAC6A19-F936-461B-A81E-C9D61816C2CD}.Release|x86.Build.0 = Release|Any CPU
		{CC575692-02F8-41D6-ADAA-5E604ABE3729}.Debug|Any CPU.ActiveCfg = Debug|Any CPU
		{CC575692-02F8-41D6-ADAA-5E604ABE3729}.Debug|Any CPU.Build.0 = Debug|Any CPU
		{CC575692-02F8-41D6-ADAA-5E604ABE3729}.Debug|x64.ActiveCfg = Debug|Any CPU
		{CC575692-02F8-41D6-ADAA-5E604ABE3729}.Debug|x64.Build.0 = Debug|Any CPU
		{CC575692-02F8-41D6-ADAA-5E604ABE3729}.Debug|x86.ActiveCfg = Debug|Any CPU
		{CC575692-02F8-41D6-ADAA-5E604ABE3729}.Debug|x86.Build.0 = Debug|Any CPU
		{CC575692-02F8-41D6-ADAA-5E604ABE3729}.Release|Any CPU.ActiveCfg = Release|Any CPU
		{CC575692-02F8-41D6-ADAA-5E604ABE3729}.Release|Any CPU.Build.0 = Release|Any CPU
		{CC575692-02F8-41D6-ADAA-5E604ABE3729}.Release|x64.ActiveCfg = Release|Any CPU
		{CC575692-02F8-41D6-ADAA-5E604ABE3729}.Release|x64.Build.0 = Release|Any CPU
		{CC575692-02F8-41D6-ADAA-5E604ABE3729}.Release|x86.ActiveCfg = Release|Any CPU
		{CC575692-02F8-41D6-ADAA-5E604ABE3729}.Release|x86.Build.0 = Release|Any CPU
		{C1E2E882-DD4A-4D05-A5D0-6877D24B63E4}.Debug|Any CPU.ActiveCfg = Debug|Any CPU
		{C1E2E882-DD4A-4D05-A5D0-6877D24B63E4}.Debug|Any CPU.Build.0 = Debug|Any CPU
		{C1E2E882-DD4A-4D05-A5D0-6877D24B63E4}.Debug|x64.ActiveCfg = Debug|Any CPU
		{C1E2E882-DD4A-4D05-A5D0-6877D24B63E4}.Debug|x64.Build.0 = Debug|Any CPU
		{C1E2E882-DD4A-4D05-A5D0-6877D24B63E4}.Debug|x86.ActiveCfg = Debug|Any CPU
		{C1E2E882-DD4A-4D05-A5D0-6877D24B63E4}.Debug|x86.Build.0 = Debug|Any CPU
		{C1E2E882-DD4A-4D05-A5D0-6877D24B63E4}.Release|Any CPU.ActiveCfg = Release|Any CPU
		{C1E2E882-DD4A-4D05-A5D0-6877D24B63E4}.Release|Any CPU.Build.0 = Release|Any CPU
		{C1E2E882-DD4A-4D05-A5D0-6877D24B63E4}.Release|x64.ActiveCfg = Release|Any CPU
		{C1E2E882-DD4A-4D05-A5D0-6877D24B63E4}.Release|x64.Build.0 = Release|Any CPU
		{C1E2E882-DD4A-4D05-A5D0-6877D24B63E4}.Release|x86.ActiveCfg = Release|Any CPU
		{C1E2E882-DD4A-4D05-A5D0-6877D24B63E4}.Release|x86.Build.0 = Release|Any CPU
		{B3C7C8E1-6B6E-4B6A-9FD5-3F9A6E4C3A31}.Debug|Any CPU.ActiveCfg = Debug|Any CPU
		{B3C7C8E1-6B6E-4B6A-9FD5-3F9A6E4C3A31}.Debug|Any CPU.Build.0 = Debug|Any CPU
		{B3C7C8E1-6B6E-4B6A-9FD5-3F9A6E4C3A31}.Debug|x64.ActiveCfg = Debug|Any CPU
		{B3C7C8E1-6B6E-4B6A-9FD5-3F9A6E4C3A31}.Debug|x64.Build.0 = Debug|Any CPU
		{B3C7C8E1-6B6E-4B6A-9FD5-3F9A6E4C3A31}.Debug|x86.ActiveCfg = Debug|Any CPU
		{B3C7C8E1-6B6E-4B6A-9FD5-3F9A6E4C3A31}.Debug|x86.Build.0 = Debug|Any CPU
		{B3C7C8E1-6B6E-4B6A-9FD5-3F9A6E4C3A31}.Release|Any CPU.ActiveCfg = Release|Any CPU
		{B3C7C8E1-6B6E-4B6A-9FD5-3F9A6E4C3A31}.Release|Any CPU.Build.0 = Release|Any CPU
		{B3C7C8E1-6B6E-4B6A-9FD5-3F9A6E4C3A31}.Release|x64.ActiveCfg = Release|Any CPU
		{B3C7C8E1-6B6E-4B6A-9FD5-3F9A6E4C3A31}.Release|x64.Build.0 = Release|Any CPU
		{B3C7C8E1-6B6E-4B6A-9FD5-3F9A6E4C3A31}.Release|x86.ActiveCfg = Release|Any CPU
		{B3C7C8E1-6B6E-4B6A-9FD5-3F9A6E4C3A31}.Release|x86.Build.0 = Release|Any CPU
		{F25E21C0-0A53-4F8B-93B0-2F6B413A4F58}.Debug|Any CPU.ActiveCfg = Debug|Any CPU
		{F25E21C0-0A53-4F8B-93B0-2F6B413A4F58}.Debug|Any CPU.Build.0 = Debug|Any CPU
		{F25E21C0-0A53-4F8B-93B0-2F6B413A4F58}.Debug|x64.ActiveCfg = Debug|Any CPU
		{F25E21C0-0A53-4F8B-93B0-2F6B413A4F58}.Debug|x64.Build.0 = Debug|Any CPU
		{F25E21C0-0A53-4F8B-93B0-2F6B413A4F58}.Debug|x86.ActiveCfg = Debug|Any CPU
		{F25E21C0-0A53-4F8B-93B0-2F6B413A4F58}.Debug|x86.Build.0 = Debug|Any CPU
		{F25E21C0-0A53-4F8B-93B0-2F6B413A4F58}.Release|Any CPU.ActiveCfg = Release|Any CPU
		{F25E21C0-0A53-4F8B-93B0-2F6B413A4F58}.Release|Any CPU.Build.0 = Release|Any CPU
		{F25E21C0-0A53-4F8B-93B0-2F6B413A4F58}.Release|x64.ActiveCfg = Release|Any CPU
		{F25E21C0-0A53-4F8B-93B0-2F6B413A4F58}.Release|x64.Build.0 = Release|Any CPU
		{F25E21C0-0A53-4F8B-93B0-2F6B413A4F58}.Release|x86.ActiveCfg = Release|Any CPU
		{F25E21C0-0A53-4F8B-93B0-2F6B413A4F58}.Release|x86.Build.0 = Release|Any CPU
		{2A9F07D2-84C4-4B5C-88F8-93D38B0E9F1E}.Debug|Any CPU.ActiveCfg = Debug|Any CPU
		{2A9F07D2-84C4-4B5C-88F8-93D38B0E9F1E}.Debug|Any CPU.Build.0 = Debug|Any CPU
		{2A9F07D2-84C4-4B5C-88F8-93D38B0E9F1E}.Debug|x64.ActiveCfg = Debug|Any CPU
		{2A9F07D2-84C4-4B5C-88F8-93D38B0E9F1E}.Debug|x64.Build.0 = Debug|Any CPU
		{2A9F07D2-84C4-4B5C-88F8-93D38B0E9F1E}.Debug|x86.ActiveCfg = Debug|Any CPU
		{2A9F07D2-84C4-4B5C-88F8-93D38B0E9F1E}.Debug|x86.Build.0 = Debug|Any CPU
		{2A9F07D2-84C4-4B5C-88F8-93D38B0E9F1E}.Release|Any CPU.ActiveCfg = Release|Any CPU
		{2A9F07D2-84C4-4B5C-88F8-93D38B0E9F1E}.Release|Any CPU.Build.0 = Release|Any CPU
		{2A9F07D2-84C4-4B5C-88F8-93D38B0E9F1E}.Release|x64.ActiveCfg = Release|Any CPU
		{2A9F07D2-84C4-4B5C-88F8-93D38B0E9F1E}.Release|x64.Build.0 = Release|Any CPU
		{2A9F07D2-84C4-4B5C-88F8-93D38B0E9F1E}.Release|x86.ActiveCfg = Release|Any CPU
		{2A9F07D2-84C4-4B5C-88F8-93D38B0E9F1E}.Release|x86.Build.0 = Release|Any CPU
		{A3B8F1B1-9C67-4B8E-B6C5-68E0B2DA9A21}.Debug|Any CPU.ActiveCfg = Debug|Any CPU
		{A3B8F1B1-9C67-4B8E-B6C5-68E0B2DA9A21}.Debug|Any CPU.Build.0 = Debug|Any CPU
		{A3B8F1B1-9C67-4B8E-B6C5-68E0B2DA9A21}.Debug|x64.ActiveCfg = Debug|Any CPU
		{A3B8F1B1-9C67-4B8E-B6C5-68E0B2DA9A21}.Debug|x64.Build.0 = Debug|Any CPU
		{A3B8F1B1-9C67-4B8E-B6C5-68E0B2DA9A21}.Debug|x86.ActiveCfg = Debug|Any CPU
		{A3B8F1B1-9C67-4B8E-B6C5-68E0B2DA9A21}.Debug|x86.Build.0 = Debug|Any CPU
		{A3B8F1B1-9C67-4B8E-B6C5-68E0B2DA9A21}.Release|Any CPU.ActiveCfg = Release|Any CPU
		{A3B8F1B1-9C67-4B8E-B6C5-68E0B2DA9A21}.Release|Any CPU.Build.0 = Release|Any CPU
		{A3B8F1B1-9C67-4B8E-B6C5-68E0B2DA9A21}.Release|x64.ActiveCfg = Release|Any CPU
		{A3B8F1B1-9C67-4B8E-B6C5-68E0B2DA9A21}.Release|x64.Build.0 = Release|Any CPU
		{A3B8F1B1-9C67-4B8E-B6C5-68E0B2DA9A21}.Release|x86.ActiveCfg = Release|Any CPU
		{A3B8F1B1-9C67-4B8E-B6C5-68E0B2DA9A21}.Release|x86.Build.0 = Release|Any CPU
		{B1CFE7A7-77A4-4A35-9F75-7B609E29C5B6}.Debug|Any CPU.ActiveCfg = Debug|Any CPU
		{B1CFE7A7-77A4-4A35-9F75-7B609E29C5B6}.Debug|Any CPU.Build.0 = Debug|Any CPU
		{B1CFE7A7-77A4-4A35-9F75-7B609E29C5B6}.Debug|x64.ActiveCfg = Debug|Any CPU
		{B1CFE7A7-77A4-4A35-9F75-7B609E29C5B6}.Debug|x64.Build.0 = Debug|Any CPU
		{B1CFE7A7-77A4-4A35-9F75-7B609E29C5B6}.Debug|x86.ActiveCfg = Debug|Any CPU
		{B1CFE7A7-77A4-4A35-9F75-7B609E29C5B6}.Debug|x86.Build.0 = Debug|Any CPU
		{B1CFE7A7-77A4-4A35-9F75-7B609E29C5B6}.Release|Any CPU.ActiveCfg = Release|Any CPU
		{B1CFE7A7-77A4-4A35-9F75-7B609E29C5B6}.Release|Any CPU.Build.0 = Release|Any CPU
		{B1CFE7A7-77A4-4A35-9F75-7B609E29C5B6}.Release|x64.ActiveCfg = Release|Any CPU
		{B1CFE7A7-77A4-4A35-9F75-7B609E29C5B6}.Release|x64.Build.0 = Release|Any CPU
		{B1CFE7A7-77A4-4A35-9F75-7B609E29C5B6}.Release|x86.ActiveCfg = Release|Any CPU
		{B1CFE7A7-77A4-4A35-9F75-7B609E29C5B6}.Release|x86.Build.0 = Release|Any CPU
		{C4D3C9D7-5D8D-47F0-9E28-03C1C1A2E2B2}.Debug|Any CPU.ActiveCfg = Debug|Any CPU
		{C4D3C9D7-5D8D-47F0-9E28-03C1C1A2E2B2}.Debug|Any CPU.Build.0 = Debug|Any CPU
		{C4D3C9D7-5D8D-47F0-9E28-03C1C1A2E2B2}.Debug|x64.ActiveCfg = Debug|Any CPU
		{C4D3C9D7-5D8D-47F0-9E28-03C1C1A2E2B2}.Debug|x64.Build.0 = Debug|Any CPU
		{C4D3C9D7-5D8D-47F0-9E28-03C1C1A2E2B2}.Debug|x86.ActiveCfg = Debug|Any CPU
		{C4D3C9D7-5D8D-47F0-9E28-03C1C1A2E2B2}.Debug|x86.Build.0 = Debug|Any CPU
		{C4D3C9D7-5D8D-47F0-9E28-03C1C1A2E2B2}.Release|Any CPU.ActiveCfg = Release|Any CPU
		{C4D3C9D7-5D8D-47F0-9E28-03C1C1A2E2B2}.Release|Any CPU.Build.0 = Release|Any CPU
		{C4D3C9D7-5D8D-47F0-9E28-03C1C1A2E2B2}.Release|x64.ActiveCfg = Release|Any CPU
		{C4D3C9D7-5D8D-47F0-9E28-03C1C1A2E2B2}.Release|x64.Build.0 = Release|Any CPU
		{C4D3C9D7-5D8D-47F0-9E28-03C1C1A2E2B2}.Release|x86.ActiveCfg = Release|Any CPU
		{C4D3C9D7-5D8D-47F0-9E28-03C1C1A2E2B2}.Release|x86.Build.0 = Release|Any CPU
	EndGlobalSection
	GlobalSection(SolutionProperties) = preSolution
		HideSolutionNode = FALSE
	EndGlobalSection
EndGlobal
