
Microsoft Visual Studio Solution File, Format Version 12.00
Project("{FAE04EC0-301F-11D3-BF4B-00C04F79EFBC}") = "Softalleys.Utilities", "Softalleys.Utilities\Softalleys.Utilities.csproj", "{FA8223CF-622B-4FC4-8D03-D633FD3050F0}"
EndProject
Project("{FAE04EC0-301F-11D3-BF4B-00C04F79EFBC}") = "Softalleys.Utilities.Protobuf", "Softalleys.Utilities.Protobuf\Softalleys.Utilities.Protobuf.csproj", "{8BA228C0-E422-4892-9D40-83F374744B45}"
EndProject
Global
	GlobalSection(SolutionConfigurationPlatforms) = preSolution
		Debug|Any CPU = Debug|Any CPU
		Release|Any CPU = Release|Any CPU
	EndGlobalSection
	GlobalSection(ProjectConfigurationPlatforms) = postSolution
		{FA8223CF-622B-4FC4-8D03-D633FD3050F0}.Debug|Any CPU.ActiveCfg = Debug|Any CPU
		{FA8223CF-622B-4FC4-8D03-D633FD3050F0}.Debug|Any CPU.Build.0 = Debug|Any CPU
		{FA8223CF-622B-4FC4-8D03-D633FD3050F0}.Release|Any CPU.ActiveCfg = Release|Any CPU
		{FA8223CF-622B-4FC4-8D03-D633FD3050F0}.Release|Any CPU.Build.0 = Release|Any CPU
		{8BA228C0-E422-4892-9D40-83F374744B45}.Debug|Any CPU.ActiveCfg = Debug|Any CPU
		{8BA228C0-E422-4892-9D40-83F374744B45}.Debug|Any CPU.Build.0 = Debug|Any CPU
		{8BA228C0-E422-4892-9D40-83F374744B45}.Release|Any CPU.ActiveCfg = Release|Any CPU
		{8BA228C0-E422-4892-9D40-83F374744B45}.Release|Any CPU.Build.0 = Release|Any CPU
	EndGlobalSection
EndGlobal
