
Microsoft Visual Studio Solution File, Format Version 12.00
Project("{FAE04EC0-301F-11D3-BF4B-00C04F79EFBC}") = "Softalleys.Utilities", "Softalleys.Utilities\Softalleys.Utilities.csproj", "{FA8223CF-622B-4FC4-8D03-D633FD3050F0}"
EndProject
Project("{FAE04EC0-301F-11D3-BF4B-00C04F79EFBC}") = "Softalleys.Utilities.Protobuf", "Softalleys.Utilities.Protobuf\Softalleys.Utilities.Protobuf.csproj", "{8BA228C0-E422-4892-9D40-83F374744B45}"
EndProject
Project("{FAE04EC0-301F-11D3-BF4B-00C04F79EFBC}") = "Softalleys.Utilities.GeoToolkit", "Softalleys.Utilities.GeoToolkit\Softalleys.Utilities.GeoToolkit.csproj", "{5AC440EC-9714-4714-A3BA-39EFD492E565}"
EndProject
Project("{FAE04EC0-301F-11D3-BF4B-00C04F79EFBC}") = "Softalleys.Utilities.GeoToolkit.Tests", "Softalleys.Utilities.GeoToolkit.Tests\Softalleys.Utilities.GeoToolkit.Tests.csproj", "{F021C283-F83E-45AD-878B-5F329ED55BB3}"
EndProject
Project("{FAE04EC0-301F-11D3-BF4B-00C04F79EFBC}") = "Softalleys.Utilities.Whatsapp", "Softalleys.Utilities.Whatsapp\Softalleys.Utilities.Whatsapp.csproj", "{9FE2527D-65E7-4F9A-A671-0E36165783F6}"
EndProject
Project("{FAE04EC0-301F-11D3-BF4B-00C04F79EFBC}") = "Softalleys.Utilities.Events", "Softalleys.Utilities.Events\Softalleys.Utilities.Events.csproj", "{74BBBAE9-2F5B-4664-9F85-1ABD7D9D62EF}"
EndProject
Project("{FAE04EC0-301F-11D3-BF4B-00C04F79EFBC}") = "Softalleys.Utilities.Queries", "Softalleys.Utilities.Queries\Softalleys.Utilities.Queries.csproj", "{9D9CDC5F-AB50-4DE3-8D90-14CD07359089}"
EndProject
Project("{FAE04EC0-301F-11D3-BF4B-00C04F79EFBC}") = "Softalleys.Utilities.Queries.Tests", "Softalleys.Utilities.Queries.Tests\Softalleys.Utilities.Queries.Tests.csproj", "{9B9CDEAF-1B0B-4BD9-9F33-2A1C4F0B6C77}"
EndProject
Global
	GlobalSection(SolutionConfigurationPlatforms) = preSolution
		Debug|Any CPU = Debug|Any CPU
		Debug|x64 = Debug|x64
		Debug|x86 = Debug|x86
		Release|Any CPU = Release|Any CPU
		Release|x64 = Release|x64
		Release|x86 = Release|x86
	EndGlobalSection
	GlobalSection(ProjectConfigurationPlatforms) = postSolution
		{FA8223CF-622B-4FC4-8D03-D633FD3050F0}.Debug|Any CPU.ActiveCfg = Debug|Any CPU
		{FA8223CF-622B-4FC4-8D03-D633FD3050F0}.Debug|Any CPU.Build.0 = Debug|Any CPU
		{FA8223CF-622B-4FC4-8D03-D633FD3050F0}.Debug|x64.ActiveCfg = Debug|Any CPU
		{FA8223CF-622B-4FC4-8D03-D633FD3050F0}.Debug|x64.Build.0 = Debug|Any CPU
		{FA8223CF-622B-4FC4-8D03-D633FD3050F0}.Debug|x86.ActiveCfg = Debug|Any CPU
		{FA8223CF-622B-4FC4-8D03-D633FD3050F0}.Debug|x86.Build.0 = Debug|Any CPU
		{FA8223CF-622B-4FC4-8D03-D633FD3050F0}.Release|Any CPU.ActiveCfg = Release|Any CPU
		{FA8223CF-622B-4FC4-8D03-D633FD3050F0}.Release|Any CPU.Build.0 = Release|Any CPU
		{FA8223CF-622B-4FC4-8D03-D633FD3050F0}.Release|x64.ActiveCfg = Release|Any CPU
		{FA8223CF-622B-4FC4-8D03-D633FD3050F0}.Release|x64.Build.0 = Release|Any CPU
		{FA8223CF-622B-4FC4-8D03-D633FD3050F0}.Release|x86.ActiveCfg = Release|Any CPU
		{FA8223CF-622B-4FC4-8D03-D633FD3050F0}.Release|x86.Build.0 = Release|Any CPU
		{8BA228C0-E422-4892-9D40-83F374744B45}.Debug|Any CPU.ActiveCfg = Debug|Any CPU
		{8BA228C0-E422-4892-9D40-83F374744B45}.Debug|Any CPU.Build.0 = Debug|Any CPU
		{8BA228C0-E422-4892-9D40-83F374744B45}.Debug|x64.ActiveCfg = Debug|Any CPU
		{8BA228C0-E422-4892-9D40-83F374744B45}.Debug|x64.Build.0 = Debug|Any CPU
		{8BA228C0-E422-4892-9D40-83F374744B45}.Debug|x86.ActiveCfg = Debug|Any CPU
		{8BA228C0-E422-4892-9D40-83F374744B45}.Debug|x86.Build.0 = Debug|Any CPU
		{8BA228C0-E422-4892-9D40-83F374744B45}.Release|Any CPU.ActiveCfg = Release|Any CPU
		{8BA228C0-E422-4892-9D40-83F374744B45}.Release|Any CPU.Build.0 = Release|Any CPU
		{8BA228C0-E422-4892-9D40-83F374744B45}.Release|x64.ActiveCfg = Release|Any CPU
		{8BA228C0-E422-4892-9D40-83F374744B45}.Release|x64.Build.0 = Release|Any CPU
		{8BA228C0-E422-4892-9D40-83F374744B45}.Release|x86.ActiveCfg = Release|Any CPU
		{8BA228C0-E422-4892-9D40-83F374744B45}.Release|x86.Build.0 = Release|Any CPU
		{5AC440EC-9714-4714-A3BA-39EFD492E565}.Debug|Any CPU.ActiveCfg = Debug|Any CPU
		{5AC440EC-9714-4714-A3BA-39EFD492E565}.Debug|Any CPU.Build.0 = Debug|Any CPU
		{5AC440EC-9714-4714-A3BA-39EFD492E565}.Debug|x64.ActiveCfg = Debug|Any CPU
		{5AC440EC-9714-4714-A3BA-39EFD492E565}.Debug|x64.Build.0 = Debug|Any CPU
		{5AC440EC-9714-4714-A3BA-39EFD492E565}.Debug|x86.ActiveCfg = Debug|Any CPU
		{5AC440EC-9714-4714-A3BA-39EFD492E565}.Debug|x86.Build.0 = Debug|Any CPU
		{5AC440EC-9714-4714-A3BA-39EFD492E565}.Release|Any CPU.ActiveCfg = Release|Any CPU
		{5AC440EC-9714-4714-A3BA-39EFD492E565}.Release|Any CPU.Build.0 = Release|Any CPU
		{5AC440EC-9714-4714-A3BA-39EFD492E565}.Release|x64.ActiveCfg = Release|Any CPU
		{5AC440EC-9714-4714-A3BA-39EFD492E565}.Release|x64.Build.0 = Release|Any CPU
		{5AC440EC-9714-4714-A3BA-39EFD492E565}.Release|x86.ActiveCfg = Release|Any CPU
		{5AC440EC-9714-4714-A3BA-39EFD492E565}.Release|x86.Build.0 = Release|Any CPU
		{F021C283-F83E-45AD-878B-5F329ED55BB3}.Debug|Any CPU.ActiveCfg = Debug|Any CPU
		{F021C283-F83E-45AD-878B-5F329ED55BB3}.Debug|Any CPU.Build.0 = Debug|Any CPU
		{F021C283-F83E-45AD-878B-5F329ED55BB3}.Debug|x64.ActiveCfg = Debug|Any CPU
		{F021C283-F83E-45AD-878B-5F329ED55BB3}.Debug|x64.Build.0 = Debug|Any CPU
		{F021C283-F83E-45AD-878B-5F329ED55BB3}.Debug|x86.ActiveCfg = Debug|Any CPU
		{F021C283-F83E-45AD-878B-5F329ED55BB3}.Debug|x86.Build.0 = Debug|Any CPU
		{F021C283-F83E-45AD-878B-5F329ED55BB3}.Release|Any CPU.ActiveCfg = Release|Any CPU
		{F021C283-F83E-45AD-878B-5F329ED55BB3}.Release|Any CPU.Build.0 = Release|Any CPU
		{F021C283-F83E-45AD-878B-5F329ED55BB3}.Release|x64.ActiveCfg = Release|Any CPU
		{F021C283-F83E-45AD-878B-5F329ED55BB3}.Release|x64.Build.0 = Release|Any CPU
		{F021C283-F83E-45AD-878B-5F329ED55BB3}.Release|x86.ActiveCfg = Release|Any CPU
		{F021C283-F83E-45AD-878B-5F329ED55BB3}.Release|x86.Build.0 = Release|Any CPU
		{9FE2527D-65E7-4F9A-A671-0E36165783F6}.Debug|Any CPU.ActiveCfg = Debug|Any CPU
		{9FE2527D-65E7-4F9A-A671-0E36165783F6}.Debug|Any CPU.Build.0 = Debug|Any CPU
		{9FE2527D-65E7-4F9A-A671-0E36165783F6}.Debug|x64.ActiveCfg = Debug|Any CPU
		{9FE2527D-65E7-4F9A-A671-0E36165783F6}.Debug|x64.Build.0 = Debug|Any CPU
		{9FE2527D-65E7-4F9A-A671-0E36165783F6}.Debug|x86.ActiveCfg = Debug|Any CPU
		{9FE2527D-65E7-4F9A-A671-0E36165783F6}.Debug|x86.Build.0 = Debug|Any CPU
		{9FE2527D-65E7-4F9A-A671-0E36165783F6}.Release|Any CPU.ActiveCfg = Release|Any CPU
		{9FE2527D-65E7-4F9A-A671-0E36165783F6}.Release|Any CPU.Build.0 = Release|Any CPU
		{9FE2527D-65E7-4F9A-A671-0E36165783F6}.Release|x64.ActiveCfg = Release|Any CPU
		{9FE2527D-65E7-4F9A-A671-0E36165783F6}.Release|x64.Build.0 = Release|Any CPU
		{9FE2527D-65E7-4F9A-A671-0E36165783F6}.Release|x86.ActiveCfg = Release|Any CPU
		{9FE2527D-65E7-4F9A-A671-0E36165783F6}.Release|x86.Build.0 = Release|Any CPU
		{74BBBAE9-2F5B-4664-9F85-1ABD7D9D62EF}.Debug|Any CPU.ActiveCfg = Debug|Any CPU
		{74BBBAE9-2F5B-4664-9F85-1ABD7D9D62EF}.Debug|Any CPU.Build.0 = Debug|Any CPU
		{74BBBAE9-2F5B-4664-9F85-1ABD7D9D62EF}.Debug|x64.ActiveCfg = Debug|Any CPU
		{74BBBAE9-2F5B-4664-9F85-1ABD7D9D62EF}.Debug|x64.Build.0 = Debug|Any CPU
		{74BBBAE9-2F5B-4664-9F85-1ABD7D9D62EF}.Debug|x86.ActiveCfg = Debug|Any CPU
		{74BBBAE9-2F5B-4664-9F85-1ABD7D9D62EF}.Debug|x86.Build.0 = Debug|Any CPU
		{74BBBAE9-2F5B-4664-9F85-1ABD7D9D62EF}.Release|Any CPU.ActiveCfg = Release|Any CPU
		{74BBBAE9-2F5B-4664-9F85-1ABD7D9D62EF}.Release|Any CPU.Build.0 = Release|Any CPU
		{74BBBAE9-2F5B-4664-9F85-1ABD7D9D62EF}.Release|x64.ActiveCfg = Release|Any CPU
		{74BBBAE9-2F5B-4664-9F85-1ABD7D9D62EF}.Release|x64.Build.0 = Release|Any CPU
		{74BBBAE9-2F5B-4664-9F85-1ABD7D9D62EF}.Release|x86.ActiveCfg = Release|Any CPU
		{74BBBAE9-2F5B-4664-9F85-1ABD7D9D62EF}.Release|x86.Build.0 = Release|Any CPU
		{9D9CDC5F-AB50-4DE3-8D90-14CD07359089}.Debug|Any CPU.ActiveCfg = Debug|Any CPU
		{9D9CDC5F-AB50-4DE3-8D90-14CD07359089}.Debug|Any CPU.Build.0 = Debug|Any CPU
		{9D9CDC5F-AB50-4DE3-8D90-14CD07359089}.Debug|x64.ActiveCfg = Debug|Any CPU
		{9D9CDC5F-AB50-4DE3-8D90-14CD07359089}.Debug|x64.Build.0 = Debug|Any CPU
		{9D9CDC5F-AB50-4DE3-8D90-14CD07359089}.Debug|x86.ActiveCfg = Debug|Any CPU
		{9D9CDC5F-AB50-4DE3-8D90-14CD07359089}.Debug|x86.Build.0 = Debug|Any CPU
		{9D9CDC5F-AB50-4DE3-8D90-14CD07359089}.Release|Any CPU.ActiveCfg = Release|Any CPU
		{9D9CDC5F-AB50-4DE3-8D90-14CD07359089}.Release|Any CPU.Build.0 = Release|Any CPU
		{9D9CDC5F-AB50-4DE3-8D90-14CD07359089}.Release|x64.ActiveCfg = Release|Any CPU
		{9D9CDC5F-AB50-4DE3-8D90-14CD07359089}.Release|x64.Build.0 = Release|Any CPU
		{9D9CDC5F-AB50-4DE3-8D90-14CD07359089}.Release|x86.ActiveCfg = Release|Any CPU
		{9D9CDC5F-AB50-4DE3-8D90-14CD07359089}.Release|x86.Build.0 = Release|Any CPU
		{9B9CDEAF-1B0B-4BD9-9F33-2A1C4F0B6C77}.Debug|Any CPU.ActiveCfg = Debug|Any CPU
		{9B9CDEAF-1B0B-4BD9-9F33-2A1C4F0B6C77}.Debug|Any CPU.Build.0 = Debug|Any CPU
		{9B9CDEAF-1B0B-4BD9-9F33-2A1C4F0B6C77}.Debug|x64.ActiveCfg = Debug|Any CPU
		{9B9CDEAF-1B0B-4BD9-9F33-2A1C4F0B6C77}.Debug|x64.Build.0 = Debug|Any CPU
		{9B9CDEAF-1B0B-4BD9-9F33-2A1C4F0B6C77}.Debug|x86.ActiveCfg = Debug|Any CPU
		{9B9CDEAF-1B0B-4BD9-9F33-2A1C4F0B6C77}.Debug|x86.Build.0 = Debug|Any CPU
		{9B9CDEAF-1B0B-4BD9-9F33-2A1C4F0B6C77}.Release|Any CPU.ActiveCfg = Release|Any CPU
		{9B9CDEAF-1B0B-4BD9-9F33-2A1C4F0B6C77}.Release|Any CPU.Build.0 = Release|Any CPU
		{9B9CDEAF-1B0B-4BD9-9F33-2A1C4F0B6C77}.Release|x64.ActiveCfg = Release|Any CPU
		{9B9CDEAF-1B0B-4BD9-9F33-2A1C4F0B6C77}.Release|x64.Build.0 = Release|Any CPU
		{9B9CDEAF-1B0B-4BD9-9F33-2A1C4F0B6C77}.Release|x86.ActiveCfg = Release|Any CPU
		{9B9CDEAF-1B0B-4BD9-9F33-2A1C4F0B6C77}.Release|x86.Build.0 = Release|Any CPU
	EndGlobalSection
	GlobalSection(SolutionProperties) = preSolution
		HideSolutionNode = FALSE
	EndGlobalSection
EndGlobal
